
Microsoft Visual Studio Solution File, Format Version 12.00
# Visual Studio Version 16
VisualStudioVersion = 16.0.29926.136
MinimumVisualStudioVersion = 10.0.40219.1
Project("{FAE04EC0-301F-11D3-BF4B-00C04F79EFBC}") = "WebSales", "WebSales\WebSales.csproj", "{38ABE4C8-2B4F-422B-AE68-1D320FBFE45D}"
EndProject
Global
	GlobalSection(SolutionConfigurationPlatforms) = preSolution
		Debug|Any CPU = Debug|Any CPU
		Release|Any CPU = Release|Any CPU
	EndGlobalSection
	GlobalSection(ProjectConfigurationPlatforms) = postSolution
		{38ABE4C8-2B4F-422B-AE68-1D320FBFE45D}.Debug|Any CPU.ActiveCfg = Debug|Any CPU
		{38ABE4C8-2B4F-422B-AE68-1D320FBFE45D}.Debug|Any CPU.Build.0 = Debug|Any CPU
		{38ABE4C8-2B4F-422B-AE68-1D320FBFE45D}.Release|Any CPU.ActiveCfg = Release|Any CPU
		{38ABE4C8-2B4F-422B-AE68-1D320FBFE45D}.Release|Any CPU.Build.0 = Release|Any CPU
	EndGlobalSection
	GlobalSection(SolutionProperties) = preSolution
		HideSolutionNode = FALSE
	EndGlobalSection
	GlobalSection(ExtensibilityGlobals) = postSolution
		SolutionGuid = {C382E85B-E5F5-442C-8030-08C20C243A12}
	EndGlobalSection
EndGlobal
